
Microsoft Visual Studio Solution File, Format Version 12.00
# Visual Studio Version 16
VisualStudioVersion = 16.0.32407.337
MinimumVisualStudioVersion = 10.0.40219.1
Project("{9A19103F-16F7-4668-BE54-9A1E7A4F7556}") = "cw9", "cw9.csproj", "{08B55DF4-787A-4F5E-B39B-50D6B3EADA49}"
EndProject
Global
	GlobalSection(SolutionConfigurationPlatforms) = preSolution
		Debug|Any CPU = Debug|Any CPU
		Release|Any CPU = Release|Any CPU
	EndGlobalSection
	GlobalSection(ProjectConfigurationPlatforms) = postSolution
		{08B55DF4-787A-4F5E-B39B-50D6B3EADA49}.Debug|Any CPU.ActiveCfg = Debug|Any CPU
		{08B55DF4-787A-4F5E-B39B-50D6B3EADA49}.Debug|Any CPU.Build.0 = Debug|Any CPU
		{08B55DF4-787A-4F5E-B39B-50D6B3EADA49}.Release|Any CPU.ActiveCfg = Release|Any CPU
		{08B55DF4-787A-4F5E-B39B-50D6B3EADA49}.Release|Any CPU.Build.0 = Release|Any CPU
	EndGlobalSection
	GlobalSection(SolutionProperties) = preSolution
		HideSolutionNode = FALSE
	EndGlobalSection
	GlobalSection(ExtensibilityGlobals) = postSolution
		SolutionGuid = {8487BAF4-17B5-424E-BFB6-DCAB63094FB5}
	EndGlobalSection
EndGlobal
